# This file is automatically @generated by Cargo.
# It is not intended for manual editing.
version = 4

[[package]]
name = "activity_demo"
version = "0.1.0"

[[package]]
name = "complex_function"
version = "0.1.0"

[[package]]
name = "control_flow"
version = "0.1.0"

[[package]]
name = "cross_entropy"
version = "0.1.0"

[[package]]
name = "forward_mode"
version = "0.1.0"

[[package]]
name = "linear_layer"
version = "0.1.0"

[[package]]
name = "mse_loss"
version = "0.1.0"

[[package]]
name = "multi_variable"
version = "0.1.0"

[[package]]
name = "quantum_control"
version = "0.1.0"

[[package]]
name = "rosenbrock"
version = "0.1.0"

[[package]]
name = "scalar_sin"
version = "0.1.0"

[[package]]
name = "scalar_square"
version = "0.1.0"

[[package]]
name = "vector_dot"
version = "0.1.0"

[[package]]
name = "vector_norm"
version = "0.1.0"
